<?xml version="1.0" encoding="utf-8"?>
<Project ToolsVersion="4.0" xmlns="http://schemas.microsoft.com/developer/msbuild/2003">
  <ItemGroup>
    <Filter Include="Kaynak Dosyalar">
      <UniqueIdentifier>{4FC737F1-C7A5-4376-A066-2A32D752A2FF}</UniqueIdentifier>
      <Extensions>cpp;c;cc;cxx;c++;cppm;ixx;def;odl;idl;hpj;bat;asm;asmx</Extensions>
    </Filter>
    <Filter Include="Üst Bilgi Dosyaları">
      <UniqueIdentifier>{93995380-89BD-4b04-88EB-625FBE52EBFB}</UniqueIdentifier>
      <Extensions>h;hh;hpp;hxx;h++;hm;inl;inc;ipp;xsd</Extensions>
    </Filter>
    <Filter Include="Kaynak Dosyaları">
      <UniqueIdentifier>{67DA6AB6-F800-4c08-8B7A-83BB121AAD01}</UniqueIdentifier>
      <Extensions>rc;ico;cur;bmp;dlg;rc2;rct;bin;rgs;gif;jpg;jpeg;jpe;resx;tiff;tif;png;wav;mfcribbon-ms</Extensions>
    </Filter>
    <Filter Include="Üst Bilgi Dosyaları\OOP Giris">
      <UniqueIdentifier>{b4f524c4-9212-41e5-b9c3-32564c6df48a}</UniqueIdentifier>
    </Filter>
    <Filter Include="Üst Bilgi Dosyaları\Inheritance">
      <UniqueIdentifier>{11db303e-9dbc-4c81-9aaa-a43296789001}</UniqueIdentifier>
    </Filter>
    <Filter Include="Üst Bilgi Dosyaları\Dynamic Memory">
      <UniqueIdentifier>{2d57995e-4a2b-4524-bb04-abcecc1e2988}</UniqueIdentifier>
    </Filter>
    <Filter Include="Üst Bilgi Dosyaları\Advanced">
      <UniqueIdentifier>{f0629257-dc1f-4464-b8c6-0216a05d622a}</UniqueIdentifier>
    </Filter>
    <Filter Include="Üst Bilgi Dosyaları\Operator Overloading">
      <UniqueIdentifier>{40788d2c-60e8-4481-bf72-7e5de9e39677}</UniqueIdentifier>
    </Filter>
    <Filter Include="Üst Bilgi Dosyaları\Template">
      <UniqueIdentifier>{7c5ab63d-6e99-474e-b076-752070a0c79b}</UniqueIdentifier>
    </Filter>
    <Filter Include="Üst Bilgi Dosyaları\Exceptionalhandling">
      <UniqueIdentifier>{ef89926b-27e1-4390-a205-504d0f586ce2}</UniqueIdentifier>
    </Filter>
    <Filter Include="Üst Bilgi Dosyaları\Deneme">
      <UniqueIdentifier>{9a05d9d9-50e1-4067-bdc2-78a98d399aac}</UniqueIdentifier>
    </Filter>
  </ItemGroup>
  <ItemGroup>
    <ClCompile Include="Kaynak.cpp">
      <Filter>Kaynak Dosyalar</Filter>
    </ClCompile>
    <ClCompile Include="Item.cpp">
      <Filter>Üst Bilgi Dosyaları\Deneme</Filter>
    </ClCompile>
  </ItemGroup>
  <ItemGroup>
    <Text Include="C++ temel bilgiler.txt">
      <Filter>Kaynak Dosyaları</Filter>
    </Text>
    <Text Include="C++ temel örnekler.txt">
      <Filter>Kaynak Dosyaları</Filter>
    </Text>
    <Text Include="OOP IMPORTAN NOTES.txt">
      <Filter>Kaynak Dosyaları</Filter>
    </Text>
  </ItemGroup>
  <ItemGroup>
    <ClInclude Include="bankAccount.h">
      <Filter>Üst Bilgi Dosyaları\OOP Giris</Filter>
    </ClInclude>
    <ClInclude Include="complexNumber.h">
      <Filter>Üst Bilgi Dosyaları\OOP Giris</Filter>
    </ClInclude>
    <ClInclude Include="Date.h">
      <Filter>Üst Bilgi Dosyaları\OOP Giris</Filter>
    </ClInclude>
    <ClInclude Include="Matrix.h">
      <Filter>Üst Bilgi Dosyaları\OOP Giris</Filter>
    </ClInclude>
    <ClInclude Include="Student.h">
      <Filter>Üst Bilgi Dosyaları\OOP Giris</Filter>
    </ClInclude>
    <ClInclude Include="Triangle.h">
      <Filter>Üst Bilgi Dosyaları\OOP Giris</Filter>
    </ClInclude>
    <ClInclude Include="Inheritance.h">
      <Filter>Üst Bilgi Dosyaları\Inheritance</Filter>
    </ClInclude>
    <ClInclude Include="Multiple Inheritance.h">
      <Filter>Üst Bilgi Dosyaları\Inheritance</Filter>
    </ClInclude>
    <ClInclude Include="Person.h">
      <Filter>Üst Bilgi Dosyaları\Inheritance</Filter>
    </ClInclude>
    <ClInclude Include="dynamicMemory.h">
      <Filter>Üst Bilgi Dosyaları\Dynamic Memory</Filter>
    </ClInclude>
    <ClInclude Include="upcastingDowncasting.h">
      <Filter>Üst Bilgi Dosyaları\Advanced</Filter>
    </ClInclude>
    <ClInclude Include="Shape.h">
      <Filter>Üst Bilgi Dosyaları\Advanced</Filter>
    </ClInclude>
    <ClInclude Include="OperatorOverloading.h">
      <Filter>Üst Bilgi Dosyaları\Operator Overloading</Filter>
    </ClInclude>
    <ClInclude Include="templateConcept.h">
      <Filter>Üst Bilgi Dosyaları\Template</Filter>
    </ClInclude>
    <ClInclude Include="exceptionalHandling.h">
      <Filter>Üst Bilgi Dosyaları\Exceptionalhandling</Filter>
    </ClInclude>
    <ClInclude Include="FOR UE SAMPLES.H">
      <Filter>Üst Bilgi Dosyaları\Deneme</Filter>
    </ClInclude>
    <ClInclude Include="MeshComponent.h">
      <Filter>Üst Bilgi Dosyaları\Deneme</Filter>
    </ClInclude>
    <ClInclude Include="Item.h">
      <Filter>Üst Bilgi Dosyaları\Deneme</Filter>
    </ClInclude>
    <ClInclude Include="Animal.h">
      <Filter>Üst Bilgi Dosyaları\Deneme</Filter>
    </ClInclude>
  </ItemGroup>
</Project>